
Microsoft Visual Studio Solution File, Format Version 12.00
# Visual Studio Version 16
VisualStudioVersion = 16.0.30907.101
MinimumVisualStudioVersion = 10.0.40219.1
Project("{9A19103F-16F7-4668-BE54-9A1E7A4F7556}") = "KampIntro", "KampIntro\KampIntro.csproj", "{3AE9655B-4635-4715-B83D-438243C792CC}"
EndProject
Project("{9A19103F-16F7-4668-BE54-9A1E7A4F7556}") = "Donguler", "Donguler\Donguler.csproj", "{B9D7061C-B6D3-4810-B324-BEE8087EAADD}"
EndProject
Project("{9A19103F-16F7-4668-BE54-9A1E7A4F7556}") = "ClassIntro", "ClassIntro\ClassIntro.csproj", "{10A2C890-F0B1-4ED5-90E8-AB61EA907EF0}"
EndProject
Project("{9A19103F-16F7-4668-BE54-9A1E7A4F7556}") = "Metotlar", "Metotlar\Metotlar.csproj", "{C0B88623-813B-4CAF-907B-600F80E97B75}"
EndProject
Project("{9A19103F-16F7-4668-BE54-9A1E7A4F7556}") = "Matematik", "Matematik\Matematik.csproj", "{0245E970-7E92-49A3-BDBD-8C2D08D6A2D1}"
EndProject
Project("{9A19103F-16F7-4668-BE54-9A1E7A4F7556}") = "DegerVeReferansTipler", "DegerVeReferansTipler\DegerVeReferansTipler.csproj", "{F9A38135-3276-4BAD-BD33-2770B86FF402}"
EndProject
Project("{9A19103F-16F7-4668-BE54-9A1E7A4F7556}") = "Methods", "Methods\Methods.csproj", "{5D0BF803-0881-488B-A675-4EC70DD5FF68}"
EndProject
Project("{9A19103F-16F7-4668-BE54-9A1E7A4F7556}") = "OOP1", "OOP1\OOP1.csproj", "{4DB9B069-DC85-43E8-9A41-45C55DB89728}"
EndProject
Project("{9A19103F-16F7-4668-BE54-9A1E7A4F7556}") = "Koleksiyonlar", "Koleksiyonlar\Koleksiyonlar.csproj", "{2EDD263B-99BE-4E25-AD8F-7BBA9CB79548}"
EndProject
Project("{FAE04EC0-301F-11D3-BF4B-00C04F79EFBC}") = "GenericsIntro", "GenericsIntro\GenericsIntro.csproj", "{AB5EDE30-A6E8-4DED-ABD8-69D6D53666E7}"
EndProject
Global
	GlobalSection(SolutionConfigurationPlatforms) = preSolution
		Debug|Any CPU = Debug|Any CPU
		Release|Any CPU = Release|Any CPU
	EndGlobalSection
	GlobalSection(ProjectConfigurationPlatforms) = postSolution
		{3AE9655B-4635-4715-B83D-438243C792CC}.Debug|Any CPU.ActiveCfg = Debug|Any CPU
		{3AE9655B-4635-4715-B83D-438243C792CC}.Debug|Any CPU.Build.0 = Debug|Any CPU
		{3AE9655B-4635-4715-B83D-438243C792CC}.Release|Any CPU.ActiveCfg = Release|Any CPU
		{3AE9655B-4635-4715-B83D-438243C792CC}.Release|Any CPU.Build.0 = Release|Any CPU
		{B9D7061C-B6D3-4810-B324-BEE8087EAADD}.Debug|Any CPU.ActiveCfg = Debug|Any CPU
		{B9D7061C-B6D3-4810-B324-BEE8087EAADD}.Debug|Any CPU.Build.0 = Debug|Any CPU
		{B9D7061C-B6D3-4810-B324-BEE8087EAADD}.Release|Any CPU.ActiveCfg = Release|Any CPU
		{B9D7061C-B6D3-4810-B324-BEE8087EAADD}.Release|Any CPU.Build.0 = Release|Any CPU
		{10A2C890-F0B1-4ED5-90E8-AB61EA907EF0}.Debug|Any CPU.ActiveCfg = Debug|Any CPU
		{10A2C890-F0B1-4ED5-90E8-AB61EA907EF0}.Debug|Any CPU.Build.0 = Debug|Any CPU
		{10A2C890-F0B1-4ED5-90E8-AB61EA907EF0}.Release|Any CPU.ActiveCfg = Release|Any CPU
		{10A2C890-F0B1-4ED5-90E8-AB61EA907EF0}.Release|Any CPU.Build.0 = Release|Any CPU
		{C0B88623-813B-4CAF-907B-600F80E97B75}.Debug|Any CPU.ActiveCfg = Debug|Any CPU
		{C0B88623-813B-4CAF-907B-600F80E97B75}.Debug|Any CPU.Build.0 = Debug|Any CPU
		{C0B88623-813B-4CAF-907B-600F80E97B75}.Release|Any CPU.ActiveCfg = Release|Any CPU
		{C0B88623-813B-4CAF-907B-600F80E97B75}.Release|Any CPU.Build.0 = Release|Any CPU
		{0245E970-7E92-49A3-BDBD-8C2D08D6A2D1}.Debug|Any CPU.ActiveCfg = Debug|Any CPU
		{0245E970-7E92-49A3-BDBD-8C2D08D6A2D1}.Debug|Any CPU.Build.0 = Debug|Any CPU
		{0245E970-7E92-49A3-BDBD-8C2D08D6A2D1}.Release|Any CPU.ActiveCfg = Release|Any CPU
		{0245E970-7E92-49A3-BDBD-8C2D08D6A2D1}.Release|Any CPU.Build.0 = Release|Any CPU
		{F9A38135-3276-4BAD-BD33-2770B86FF402}.Debug|Any CPU.ActiveCfg = Debug|Any CPU
		{F9A38135-3276-4BAD-BD33-2770B86FF402}.Debug|Any CPU.Build.0 = Debug|Any CPU
		{F9A38135-3276-4BAD-BD33-2770B86FF402}.Release|Any CPU.ActiveCfg = Release|Any CPU
		{F9A38135-3276-4BAD-BD33-2770B86FF402}.Release|Any CPU.Build.0 = Release|Any CPU
		{5D0BF803-0881-488B-A675-4EC70DD5FF68}.Debug|Any CPU.ActiveCfg = Debug|Any CPU
		{5D0BF803-0881-488B-A675-4EC70DD5FF68}.Debug|Any CPU.Build.0 = Debug|Any CPU
		{5D0BF803-0881-488B-A675-4EC70DD5FF68}.Release|Any CPU.ActiveCfg = Release|Any CPU
		{5D0BF803-0881-488B-A675-4EC70DD5FF68}.Release|Any CPU.Build.0 = Release|Any CPU
		{4DB9B069-DC85-43E8-9A41-45C55DB89728}.Debug|Any CPU.ActiveCfg = Debug|Any CPU
		{4DB9B069-DC85-43E8-9A41-45C55DB89728}.Debug|Any CPU.Build.0 = Debug|Any CPU
		{4DB9B069-DC85-43E8-9A41-45C55DB89728}.Release|Any CPU.ActiveCfg = Release|Any CPU
		{4DB9B069-DC85-43E8-9A41-45C55DB89728}.Release|Any CPU.Build.0 = Release|Any CPU
		{2EDD263B-99BE-4E25-AD8F-7BBA9CB79548}.Debug|Any CPU.ActiveCfg = Debug|Any CPU
		{2EDD263B-99BE-4E25-AD8F-7BBA9CB79548}.Debug|Any CPU.Build.0 = Debug|Any CPU
		{2EDD263B-99BE-4E25-AD8F-7BBA9CB79548}.Release|Any CPU.ActiveCfg = Release|Any CPU
		{2EDD263B-99BE-4E25-AD8F-7BBA9CB79548}.Release|Any CPU.Build.0 = Release|Any CPU
		{AB5EDE30-A6E8-4DED-ABD8-69D6D53666E7}.Debug|Any CPU.ActiveCfg = Debug|Any CPU
		{AB5EDE30-A6E8-4DED-ABD8-69D6D53666E7}.Debug|Any CPU.Build.0 = Debug|Any CPU
		{AB5EDE30-A6E8-4DED-ABD8-69D6D53666E7}.Release|Any CPU.ActiveCfg = Release|Any CPU
		{AB5EDE30-A6E8-4DED-ABD8-69D6D53666E7}.Release|Any CPU.Build.0 = Release|Any CPU
	EndGlobalSection
	GlobalSection(SolutionProperties) = preSolution
		HideSolutionNode = FALSE
	EndGlobalSection
	GlobalSection(ExtensibilityGlobals) = postSolution
		SolutionGuid = {DD6AFC53-D605-4A10-A4BF-B787A7D7FAE3}
	EndGlobalSection
EndGlobal
